
Microsoft Visual Studio Solution File, Format Version 12.00
# Visual Studio Version 16
VisualStudioVersion = 16.0.31702.278
MinimumVisualStudioVersion = 10.0.40219.1
Project("{FAE04EC0-301F-11D3-BF4B-00C04F79EFBC}") = "tttt", "tttt\tttt.csproj", "{095348F3-AA1B-4B23-894B-C5287295F20B}"
EndProject
Global
	GlobalSection(SolutionConfigurationPlatforms) = preSolution
		Debug|Any CPU = Debug|Any CPU
		Release|Any CPU = Release|Any CPU
	EndGlobalSection
	GlobalSection(ProjectConfigurationPlatforms) = postSolution
		{095348F3-AA1B-4B23-894B-C5287295F20B}.Debug|Any CPU.ActiveCfg = Debug|Any CPU
		{095348F3-AA1B-4B23-894B-C5287295F20B}.Debug|Any CPU.Build.0 = Debug|Any CPU
		{095348F3-AA1B-4B23-894B-C5287295F20B}.Release|Any CPU.ActiveCfg = Release|Any CPU
		{095348F3-AA1B-4B23-894B-C5287295F20B}.Release|Any CPU.Build.0 = Release|Any CPU
	EndGlobalSection
	GlobalSection(SolutionProperties) = preSolution
		HideSolutionNode = FALSE
	EndGlobalSection
	GlobalSection(ExtensibilityGlobals) = postSolution
		SolutionGuid = {529A83AB-0FE1-42B9-8884-7E64A7F9AF28}
	EndGlobalSection
EndGlobal
